{
  "version": "5",
  "specifiers": {
    "jsr:@deno-library/compress@*": "0.5.5",
    "jsr:@deno-library/crc32@1.0.2": "1.0.2",
    "jsr:@es-toolkit/es-toolkit@^1.38.0": "1.38.0",
    "jsr:@hono/hono@^4.11.7": "4.11.7",
    "jsr:@liuxspro/capgen@~0.2.1": "0.2.1",
    "jsr:@liuxspro/libs@~0.1.15": "0.1.15",
    "jsr:@liuxspro/utils@*": "0.1.8",
    "jsr:@oak/commons@1": "1.0.0",
    "jsr:@oak/oak@*": "17.1.3",
    "jsr:@std/assert@1": "1.0.9",
    "jsr:@std/bytes@1": "1.0.4",
    "jsr:@std/bytes@^1.0.2": "1.0.4",
    "jsr:@std/crypto@1": "1.0.3",
    "jsr:@std/encoding@1": "1.0.5",
    "jsr:@std/encoding@^1.0.5": "1.0.5",
    "jsr:@std/fs@1.0.5": "1.0.5",
    "jsr:@std/http@1": "1.0.12",
    "jsr:@std/internal@^1.0.5": "1.0.5",
    "jsr:@std/io@0.224": "0.224.9",
    "jsr:@std/io@0.225.0": "0.225.0",
    "jsr:@std/media-types@1": "1.1.0",
    "jsr:@std/path@*": "1.0.8",
    "jsr:@std/path@1": "1.0.8",
    "jsr:@std/path@1.0.8": "1.0.8",
    "jsr:@std/path@^1.0.7": "1.0.8",
    "jsr:@std/streams@^1.0.7": "1.0.8",
    "jsr:@std/tar@0.1.3": "0.1.3",
    "jsr:@zip-js/zip-js@2.7.53": "2.7.53",
    "npm:@types/node@*": "22.10.1",
    "npm:minijinja-js@^2.9.0": "2.9.0",
    "npm:path-to-regexp@6.2.1": "6.2.1",
    "npm:protobufjs@*": "7.4.0",
    "npm:protobufjs@^7.4.0": "7.4.0"
  },
  "jsr": {
    "@deno-library/compress@0.5.5": {
      "integrity": "18b651a33eac87d96ae8c941487045724a665d654e9d94120da43777393655d9",
      "dependencies": [
        "jsr:@deno-library/crc32",
        "jsr:@std/fs",
        "jsr:@std/io@0.225.0",
        "jsr:@std/path@1.0.8",
        "jsr:@std/tar",
        "jsr:@zip-js/zip-js"
      ]
    },
    "@deno-library/crc32@1.0.2": {
      "integrity": "d2061bfee30c87c97f285dfca0fdc4458e632dc072a33ecfc73ca5177a5a39a0"
    },
    "@es-toolkit/es-toolkit@1.38.0": {
      "integrity": "7a3fa3bbe873116ec37ed68ef1df6b8ec3d89bac56edd354b7d12ff8cc0d5a0a"
    },
    "@hono/hono@4.11.7": {
      "integrity": "2a0dc00088fbef98b76f575e3c4ab3d2c770d5e6095be215ae05c2aef25b363a"
    },
    "@liuxspro/capgen@0.2.1": {
      "integrity": "d01bb326c682a73e3aaec0fb76259015d5d6e7783e2cb02673fafaf002deeda6",
      "dependencies": [
        "jsr:@es-toolkit/es-toolkit",
        "npm:minijinja-js"
      ]
    },
    "@liuxspro/libs@0.1.15": {
      "integrity": "ae46341b741d8baa741c0101ce3034555d7aa8c7091f6315dfbbb980a4d3673a"
    },
    "@liuxspro/utils@0.1.8": {
      "integrity": "36ce86f95bca1e1f75346f4ddf31ecb48d5b05408df7d7c6b92a40451d062830"
    },
    "@oak/commons@1.0.0": {
      "integrity": "49805b55603c3627a9d6235c0655aa2b6222d3036b3a13ff0380c16368f607ac",
      "dependencies": [
        "jsr:@std/assert",
        "jsr:@std/bytes@1",
        "jsr:@std/crypto",
        "jsr:@std/encoding@1",
        "jsr:@std/http",
        "jsr:@std/media-types"
      ]
    },
    "@oak/oak@17.1.3": {
      "integrity": "d89296c22db91681dd3a2a1e1fd14e258d0d5a9654de55637aee5b661c159f33",
      "dependencies": [
        "jsr:@oak/commons",
        "jsr:@std/assert",
        "jsr:@std/bytes@1",
        "jsr:@std/crypto",
        "jsr:@std/http",
        "jsr:@std/io@0.224",
        "jsr:@std/media-types",
        "jsr:@std/path@1",
        "npm:path-to-regexp"
      ]
    },
    "@std/assert@1.0.9": {
      "integrity": "a9f0c611a869cc791b26f523eec54c7e187aab7932c2c8e8bea0622d13680dcd",
      "dependencies": [
        "jsr:@std/internal"
      ]
    },
    "@std/bytes@1.0.4": {
      "integrity": "11a0debe522707c95c7b7ef89b478c13fb1583a7cfb9a85674cd2cc2e3a28abc"
    },
    "@std/crypto@1.0.3": {
      "integrity": "a2a32f51ddef632d299e3879cd027c630dcd4d1d9a5285d6e6788072f4e51e7f"
    },
    "@std/encoding@1.0.5": {
      "integrity": "ecf363d4fc25bd85bd915ff6733a7e79b67e0e7806334af15f4645c569fefc04"
    },
    "@std/fs@1.0.5": {
      "integrity": "41806ad6823d0b5f275f9849a2640d87e4ef67c51ee1b8fb02426f55e02fd44e",
      "dependencies": [
        "jsr:@std/path@^1.0.7"
      ]
    },
    "@std/http@1.0.12": {
      "integrity": "85246d8bfe9c8e2538518725b158bdc31f616e0869255f4a8d9e3de919cab2aa",
      "dependencies": [
        "jsr:@std/encoding@^1.0.5"
      ]
    },
    "@std/internal@1.0.5": {
      "integrity": "54a546004f769c1ac9e025abd15a76b6671ddc9687e2313b67376125650dc7ba"
    },
    "@std/io@0.224.9": {
      "integrity": "4414664b6926f665102e73c969cfda06d2c4c59bd5d0c603fd4f1b1c840d6ee3",
      "dependencies": [
        "jsr:@std/bytes@^1.0.2"
      ]
    },
    "@std/io@0.225.0": {
      "integrity": "c1db7c5e5a231629b32d64b9a53139445b2ca640d828c26bf23e1c55f8c079b3",
      "dependencies": [
        "jsr:@std/bytes@^1.0.2"
      ]
    },
    "@std/media-types@1.1.0": {
      "integrity": "c9d093f0c05c3512932b330e3cc1fe1d627b301db33a4c2c2185c02471d6eaa4"
    },
    "@std/path@1.0.8": {
      "integrity": "548fa456bb6a04d3c1a1e7477986b6cffbce95102d0bb447c67c4ee70e0364be"
    },
    "@std/streams@1.0.8": {
      "integrity": "b41332d93d2cf6a82fe4ac2153b930adf1a859392931e2a19d9fabfb6f154fb3"
    },
    "@std/tar@0.1.3": {
      "integrity": "531270fc707b37ab9b5f051aa4943e7b16b86905e0398a4ebe062983b0c93115",
      "dependencies": [
        "jsr:@std/streams"
      ]
    },
    "@zip-js/zip-js@2.7.53": {
      "integrity": "acea5bd8e01feb3fe4c242cfbde7d33dd5e006549a4eb1d15283bc0c778ed672"
    }
  },
  "npm": {
    "@protobufjs/aspromise@1.1.2": {
      "integrity": "sha512-j+gKExEuLmKwvz3OgROXtrJ2UG2x8Ch2YZUxahh+s1F2HZ+wAceUNLkvy6zKCPVRkU++ZWQrdxsUeQXmcg4uoQ=="
    },
    "@protobufjs/base64@1.1.2": {
      "integrity": "sha512-AZkcAA5vnN/v4PDqKyMR5lx7hZttPDgClv83E//FMNhR2TMcLUhfRUBHCmSl0oi9zMgDDqRUJkSxO3wm85+XLg=="
    },
    "@protobufjs/codegen@2.0.4": {
      "integrity": "sha512-YyFaikqM5sH0ziFZCN3xDC7zeGaB/d0IUb9CATugHWbd1FRFwWwt4ld4OYMPWu5a3Xe01mGAULCdqhMlPl29Jg=="
    },
    "@protobufjs/eventemitter@1.1.0": {
      "integrity": "sha512-j9ednRT81vYJ9OfVuXG6ERSTdEL1xVsNgqpkxMsbIabzSo3goCjDIveeGv5d03om39ML71RdmrGNjG5SReBP/Q=="
    },
    "@protobufjs/fetch@1.1.0": {
      "integrity": "sha512-lljVXpqXebpsijW71PZaCYeIcE5on1w5DlQy5WH6GLbFryLUrBD4932W/E2BSpfRJWseIL4v/KPgBFxDOIdKpQ==",
      "dependencies": [
        "@protobufjs/aspromise",
        "@protobufjs/inquire"
      ]
    },
    "@protobufjs/float@1.0.2": {
      "integrity": "sha512-Ddb+kVXlXst9d+R9PfTIxh1EdNkgoRe5tOX6t01f1lYWOvJnSPDBlG241QLzcyPdoNTsblLUdujGSE4RzrTZGQ=="
    },
    "@protobufjs/inquire@1.1.0": {
      "integrity": "sha512-kdSefcPdruJiFMVSbn801t4vFK7KB/5gd2fYvrxhuJYg8ILrmn9SKSX2tZdV6V+ksulWqS7aXjBcRXl3wHoD9Q=="
    },
    "@protobufjs/path@1.1.2": {
      "integrity": "sha512-6JOcJ5Tm08dOHAbdR3GrvP+yUUfkjG5ePsHYczMFLq3ZmMkAD98cDgcT2iA1lJ9NVwFd4tH/iSSoe44YWkltEA=="
    },
    "@protobufjs/pool@1.1.0": {
      "integrity": "sha512-0kELaGSIDBKvcgS4zkjz1PeddatrjYcmMWOlAuAPwAeccUrPHdUqo/J6LiymHHEiJT5NrF1UVwxY14f+fy4WQw=="
    },
    "@protobufjs/utf8@1.1.0": {
      "integrity": "sha512-Vvn3zZrhQZkkBE8LSuW3em98c0FwgO4nxzv6OdSxPKJIEKY2bGbHn+mhGIPerzI4twdxaP8/0+06HBpwf345Lw=="
    },
    "@types/node@22.10.1": {
      "integrity": "sha512-qKgsUwfHZV2WCWLAnVP1JqnpE6Im6h3Y0+fYgMTasNQ7V++CBX5OT1as0g0f+OyubbFqhf6XVNIsmN4IIhEgGQ==",
      "dependencies": [
        "undici-types"
      ]
    },
    "long@5.2.4": {
      "integrity": "sha512-qtzLbJE8hq7VabR3mISmVGtoXP8KGc2Z/AT8OuqlYD7JTR3oqrgwdjnk07wpj1twXxYmgDXgoKVWUG/fReSzHg=="
    },
    "minijinja-js@2.9.0": {
      "integrity": "sha512-NDrwVXH5c+VfA41LrmINjlKUY+udSUAVSRjafyu0SiRkKJbczceR7DJK17UToZ59zc61dEroH78tesEYDLmegQ=="
    },
    "path-to-regexp@6.2.1": {
      "integrity": "sha512-JLyh7xT1kizaEvcaXOQwOc2/Yhw6KZOvPf1S8401UyLk86CU79LN3vl7ztXGm/pZ+YjoyAJ4rxmHwbkBXJX+yw=="
    },
    "protobufjs@7.4.0": {
      "integrity": "sha512-mRUWCc3KUU4w1jU8sGxICXH/gNS94DvI1gxqDvBzhj1JpcsimQkYiOJfwsPUykUI5ZaspFbSgmBLER8IrQ3tqw==",
      "dependencies": [
        "@protobufjs/aspromise",
        "@protobufjs/base64",
        "@protobufjs/codegen",
        "@protobufjs/eventemitter",
        "@protobufjs/fetch",
        "@protobufjs/float",
        "@protobufjs/inquire",
        "@protobufjs/path",
        "@protobufjs/pool",
        "@protobufjs/utf8",
        "@types/node",
        "long"
      ],
      "scripts": true
    },
    "undici-types@6.20.0": {
      "integrity": "sha512-Ny6QZ2Nju20vw1SRHe3d9jVu6gJ+4e3+MMpqu7pqE5HT6WsTSlce++GQmK5UXS8mzV8DSYHrQH+Xrf2jVcuKNg=="
    }
  },
  "workspace": {
    "dependencies": [
      "jsr:@hono/hono@^4.11.7",
      "jsr:@liuxspro/capgen@~0.2.1",
      "jsr:@liuxspro/libs@~0.1.15",
      "jsr:@std/assert@1",
      "npm:protobufjs@^7.4.0"
    ]
  }
}
